
Microsoft Visual Studio Solution File, Format Version 12.00
# Visual Studio 15
VisualStudioVersion = 15.0.28307.1259
MinimumVisualStudioVersion = 10.0.40219.1
Project("{888888A0-9F3D-457C-B088-3A5042F75D52}") = "musashi_som_server", "musashi_som_server.pyproj", "{97385553-696D-4B70-A0DA-AD6AE93F7A86}"
EndProject
Global
	GlobalSection(SolutionConfigurationPlatforms) = preSolution
		Debug|Any CPU = Debug|Any CPU
		Debug|Win64 = Debug|Win64
		Release|Any CPU = Release|Any CPU
		Release|Win64 = Release|Win64
	EndGlobalSection
	GlobalSection(ProjectConfigurationPlatforms) = postSolution
		{97385553-696D-4B70-A0DA-AD6AE93F7A86}.Debug|Any CPU.ActiveCfg = Debug|Any CPU
		{97385553-696D-4B70-A0DA-AD6AE93F7A86}.Debug|Win64.ActiveCfg = Debug|Any CPU
		{97385553-696D-4B70-A0DA-AD6AE93F7A86}.Release|Any CPU.ActiveCfg = Release|Any CPU
		{97385553-696D-4B70-A0DA-AD6AE93F7A86}.Release|Win64.ActiveCfg = Release|Any CPU
	EndGlobalSection
	GlobalSection(SolutionProperties) = preSolution
		HideSolutionNode = FALSE
	EndGlobalSection
	GlobalSection(ExtensibilityGlobals) = postSolution
		SolutionGuid = {DB519FF8-C53C-4E93-9EBF-D9921D09CA65}
	EndGlobalSection
EndGlobal
